// !$*UTF8*$!
{
	archiveVersion = 1;
	classes = {
	};
	objectVersion = 46;
	objects = {

/* Begin PBXBuildFile section */
		2D48011A1A9586DD00714A0C /* Timeline.storyboard in Resources */ = {isa = PBXBuildFile; fileRef = 2D4801191A9586DD00714A0C /* Timeline.storyboard */; };
		2D64AB201A99133900A7D2FC /* Compose.storyboard in Resources */ = {isa = PBXBuildFile; fileRef = 2D64AB1F1A99133900A7D2FC /* Compose.storyboard */; };
		2D64AB221A99137500A7D2FC /* ComposeController.swift in Sources */ = {isa = PBXBuildFile; fileRef = 2D64AB211A99137500A7D2FC /* ComposeController.swift */; };
		2D98E6091A98671D009CA46B /* JSONHelper.swift in Sources */ = {isa = PBXBuildFile; fileRef = 2D98E6081A98671D009CA46B /* JSONHelper.swift */; };
		2D98E60B1A98714A009CA46B /* Extensions.swift in Sources */ = {isa = PBXBuildFile; fileRef = 2D98E60A1A98714A009CA46B /* Extensions.swift */; };
		2D98E60D1A989200009CA46B /* TimelineViewController.swift in Sources */ = {isa = PBXBuildFile; fileRef = 2D98E60C1A989200009CA46B /* TimelineViewController.swift */; };
		2D98E60F1A989D70009CA46B /* TweetCell.swift in Sources */ = {isa = PBXBuildFile; fileRef = 2D98E60E1A989D70009CA46B /* TweetCell.swift */; };
		2DEF0E081A92B1960083D725 /* AppDelegate.swift in Sources */ = {isa = PBXBuildFile; fileRef = 2DEF0E071A92B1960083D725 /* AppDelegate.swift */; };
		2DEF0E0A1A92B1960083D725 /* LoginController.swift in Sources */ = {isa = PBXBuildFile; fileRef = 2DEF0E091A92B1960083D725 /* LoginController.swift */; };
		2DEF0E0D1A92B1960083D725 /* Main.storyboard in Resources */ = {isa = PBXBuildFile; fileRef = 2DEF0E0B1A92B1960083D725 /* Main.storyboard */; };
		2DEF0E0F1A92B1960083D725 /* Images.xcassets in Resources */ = {isa = PBXBuildFile; fileRef = 2DEF0E0E1A92B1960083D725 /* Images.xcassets */; };
		2DEF0E121A92B1960083D725 /* LaunchScreen.xib in Resources */ = {isa = PBXBuildFile; fileRef = 2DEF0E101A92B1960083D725 /* LaunchScreen.xib */; };
		2DEF0E1E1A92B1960083D725 /* TwitterProjectTests.swift in Sources */ = {isa = PBXBuildFile; fileRef = 2DEF0E1D1A92B1960083D725 /* TwitterProjectTests.swift */; };
		2DEF0E2D1A92B5F80083D725 /* ApiConfig.xcconfig in Resources */ = {isa = PBXBuildFile; fileRef = 2DEF0E2C1A92B5F80083D725 /* ApiConfig.xcconfig */; };
		2DEF0E2F1A92B9C60083D725 /* TwitterClient.swift in Sources */ = {isa = PBXBuildFile; fileRef = 2DEF0E2E1A92B9C60083D725 /* TwitterClient.swift */; };
		2DEF0E311A9572080083D725 /* Tweet.swift in Sources */ = {isa = PBXBuildFile; fileRef = 2DEF0E301A9572080083D725 /* Tweet.swift */; };
		2DEF0E341A95728D0083D725 /* Account.swift in Sources */ = {isa = PBXBuildFile; fileRef = 2DEF0E331A95728D0083D725 /* Account.swift */; };
		2DEF0E361A9572980083D725 /* AccountManager.swift in Sources */ = {isa = PBXBuildFile; fileRef = 2DEF0E351A9572980083D725 /* AccountManager.swift */; };
		93DC94908F0CDB6AE5BD0410 /* libPods.a in Frameworks */ = {isa = PBXBuildFile; fileRef = 1388145FD5FE4027401021B2 /* libPods.a */; };
/* End PBXBuildFile section */

/* Begin PBXContainerItemProxy section */
		2DEF0E181A92B1960083D725 /* PBXContainerItemProxy */ = {
			isa = PBXContainerItemProxy;
			containerPortal = 2DEF0DFA1A92B1960083D725 /* Project object */;
			proxyType = 1;
			remoteGlobalIDString = 2DEF0E011A92B1960083D725;
			remoteInfo = TwitterProject;
		};
/* End PBXContainerItemProxy section */

/* Begin PBXFileReference section */
		1388145FD5FE4027401021B2 /* libPods.a */ = {isa = PBXFileReference; explicitFileType = archive.ar; includeInIndex = 0; path = libPods.a; sourceTree = BUILT_PRODUCTS_DIR; };
		2D4801191A9586DD00714A0C /* Timeline.storyboard */ = {isa = PBXFileReference; fileEncoding = 4; lastKnownFileType = file.storyboard; path = Timeline.storyboard; sourceTree = "<group>"; };
		2D64AB1F1A99133900A7D2FC /* Compose.storyboard */ = {isa = PBXFileReference; fileEncoding = 4; lastKnownFileType = file.storyboard; path = Compose.storyboard; sourceTree = "<group>"; };
		2D64AB211A99137500A7D2FC /* ComposeController.swift */ = {isa = PBXFileReference; fileEncoding = 4; lastKnownFileType = sourcecode.swift; path = ComposeController.swift; sourceTree = "<group>"; };
		2D98E6081A98671D009CA46B /* JSONHelper.swift */ = {isa = PBXFileReference; fileEncoding = 4; lastKnownFileType = sourcecode.swift; path = JSONHelper.swift; sourceTree = "<group>"; };
		2D98E60A1A98714A009CA46B /* Extensions.swift */ = {isa = PBXFileReference; fileEncoding = 4; lastKnownFileType = sourcecode.swift; path = Extensions.swift; sourceTree = "<group>"; };
		2D98E60C1A989200009CA46B /* TimelineViewController.swift */ = {isa = PBXFileReference; fileEncoding = 4; lastKnownFileType = sourcecode.swift; path = TimelineViewController.swift; sourceTree = "<group>"; };
		2D98E60E1A989D70009CA46B /* TweetCell.swift */ = {isa = PBXFileReference; fileEncoding = 4; lastKnownFileType = sourcecode.swift; path = TweetCell.swift; sourceTree = "<group>"; };
		2DEF0E021A92B1960083D725 /* TwitterProject.app */ = {isa = PBXFileReference; explicitFileType = wrapper.application; includeInIndex = 0; path = TwitterProject.app; sourceTree = BUILT_PRODUCTS_DIR; };
		2DEF0E061A92B1960083D725 /* Info.plist */ = {isa = PBXFileReference; lastKnownFileType = text.plist.xml; path = Info.plist; sourceTree = "<group>"; };
		2DEF0E071A92B1960083D725 /* AppDelegate.swift */ = {isa = PBXFileReference; lastKnownFileType = sourcecode.swift; path = AppDelegate.swift; sourceTree = "<group>"; };
		2DEF0E091A92B1960083D725 /* LoginController.swift */ = {isa = PBXFileReference; lastKnownFileType = sourcecode.swift; path = LoginController.swift; sourceTree = "<group>"; };
		2DEF0E0C1A92B1960083D725 /* Base */ = {isa = PBXFileReference; lastKnownFileType = file.storyboard; name = Base; path = Base.lproj/Main.storyboard; sourceTree = "<group>"; };
		2DEF0E0E1A92B1960083D725 /* Images.xcassets */ = {isa = PBXFileReference; lastKnownFileType = folder.assetcatalog; path = Images.xcassets; sourceTree = "<group>"; };
		2DEF0E111A92B1960083D725 /* Base */ = {isa = PBXFileReference; lastKnownFileType = file.xib; name = Base; path = Base.lproj/LaunchScreen.xib; sourceTree = "<group>"; };
		2DEF0E171A92B1960083D725 /* TwitterProjectTests.xctest */ = {isa = PBXFileReference; explicitFileType = wrapper.cfbundle; includeInIndex = 0; path = TwitterProjectTests.xctest; sourceTree = BUILT_PRODUCTS_DIR; };
		2DEF0E1C1A92B1960083D725 /* Info.plist */ = {isa = PBXFileReference; lastKnownFileType = text.plist.xml; path = Info.plist; sourceTree = "<group>"; };
		2DEF0E1D1A92B1960083D725 /* TwitterProjectTests.swift */ = {isa = PBXFileReference; lastKnownFileType = sourcecode.swift; path = TwitterProjectTests.swift; sourceTree = "<group>"; };
		2DEF0E281A92B24E0083D725 /* TwitterProject-Bridging-Header.h */ = {isa = PBXFileReference; lastKnownFileType = sourcecode.c.h; path = "TwitterProject-Bridging-Header.h"; sourceTree = "<group>"; };
		2DEF0E2C1A92B5F80083D725 /* ApiConfig.xcconfig */ = {isa = PBXFileReference; fileEncoding = 4; lastKnownFileType = text.xcconfig; path = ApiConfig.xcconfig; sourceTree = "<group>"; };
		2DEF0E2E1A92B9C60083D725 /* TwitterClient.swift */ = {isa = PBXFileReference; fileEncoding = 4; lastKnownFileType = sourcecode.swift; path = TwitterClient.swift; sourceTree = "<group>"; };
		2DEF0E301A9572080083D725 /* Tweet.swift */ = {isa = PBXFileReference; fileEncoding = 4; lastKnownFileType = sourcecode.swift; path = Tweet.swift; sourceTree = "<group>"; };
		2DEF0E331A95728D0083D725 /* Account.swift */ = {isa = PBXFileReference; fileEncoding = 4; lastKnownFileType = sourcecode.swift; path = Account.swift; sourceTree = "<group>"; };
		2DEF0E351A9572980083D725 /* AccountManager.swift */ = {isa = PBXFileReference; fileEncoding = 4; lastKnownFileType = sourcecode.swift; path = AccountManager.swift; sourceTree = "<group>"; };
		75DD2F589F1DD0BC4162F4D0 /* Pods.debug.xcconfig */ = {isa = PBXFileReference; includeInIndex = 1; lastKnownFileType = text.xcconfig; name = Pods.debug.xcconfig; path = "Pods/Target Support Files/Pods/Pods.debug.xcconfig"; sourceTree = "<group>"; };
		85B1430541CE2DAD7C1CFC8F /* Pods.release.xcconfig */ = {isa = PBXFileReference; includeInIndex = 1; lastKnownFileType = text.xcconfig; name = Pods.release.xcconfig; path = "Pods/Target Support Files/Pods/Pods.release.xcconfig"; sourceTree = "<group>"; };
/* End PBXFileReference section */

/* Begin PBXFrameworksBuildPhase section */
		2DEF0DFF1A92B1960083D725 /* Frameworks */ = {
			isa = PBXFrameworksBuildPhase;
			buildActionMask = 2147483647;
			files = (
				93DC94908F0CDB6AE5BD0410 /* libPods.a in Frameworks */,
			);
			runOnlyForDeploymentPostprocessing = 0;
		};
		2DEF0E141A92B1960083D725 /* Frameworks */ = {
			isa = PBXFrameworksBuildPhase;
			buildActionMask = 2147483647;
			files = (
			);
			runOnlyForDeploymentPostprocessing = 0;
		};
/* End PBXFrameworksBuildPhase section */

/* Begin PBXGroup section */
		24E27AF398E4138A39925BF3 /* Frameworks */ = {
			isa = PBXGroup;
			children = (
				1388145FD5FE4027401021B2 /* libPods.a */,
			);
			name = Frameworks;
			sourceTree = "<group>";
		};
		2DEF0DF91A92B1960083D725 = {
			isa = PBXGroup;
			children = (
				2DEF0E271A92B1A40083D725 /* Config */,
				2DEF0E041A92B1960083D725 /* TwitterProject */,
				2DEF0E1A1A92B1960083D725 /* TwitterProjectTests */,
				2DEF0E031A92B1960083D725 /* Products */,
				91BC1175FD8B87FEE7400B19 /* Pods */,
				24E27AF398E4138A39925BF3 /* Frameworks */,
			);
			sourceTree = "<group>";
		};
		2DEF0E031A92B1960083D725 /* Products */ = {
			isa = PBXGroup;
			children = (
				2DEF0E021A92B1960083D725 /* TwitterProject.app */,
				2DEF0E171A92B1960083D725 /* TwitterProjectTests.xctest */,
			);
			name = Products;
			sourceTree = "<group>";
		};
		2DEF0E041A92B1960083D725 /* TwitterProject */ = {
			isa = PBXGroup;
			children = (
				2DEF0E3A1A95736B0083D725 /* Views */,
				2DEF0E391A9573490083D725 /* Storyboards */,
				2DEF0E381A9572FE0083D725 /* Controllers */,
				2DEF0E371A9572EC0083D725 /* API */,
				2DEF0E321A95720E0083D725 /* Models */,
				2DEF0E071A92B1960083D725 /* AppDelegate.swift */,
				2DEF0E0E1A92B1960083D725 /* Images.xcassets */,
				2DEF0E101A92B1960083D725 /* LaunchScreen.xib */,
				2DEF0E051A92B1960083D725 /* Supporting Files */,
				2DEF0E281A92B24E0083D725 /* TwitterProject-Bridging-Header.h */,
				2D98E6081A98671D009CA46B /* JSONHelper.swift */,
				2D98E60A1A98714A009CA46B /* Extensions.swift */,
			);
			path = TwitterProject;
			sourceTree = "<group>";
		};
		2DEF0E051A92B1960083D725 /* Supporting Files */ = {
			isa = PBXGroup;
			children = (
				2DEF0E061A92B1960083D725 /* Info.plist */,
			);
			name = "Supporting Files";
			sourceTree = "<group>";
		};
		2DEF0E1A1A92B1960083D725 /* TwitterProjectTests */ = {
			isa = PBXGroup;
			children = (
				2DEF0E1D1A92B1960083D725 /* TwitterProjectTests.swift */,
				2DEF0E1B1A92B1960083D725 /* Supporting Files */,
			);
			path = TwitterProjectTests;
			sourceTree = "<group>";
		};
		2DEF0E1B1A92B1960083D725 /* Supporting Files */ = {
			isa = PBXGroup;
			children = (
				2DEF0E1C1A92B1960083D725 /* Info.plist */,
			);
			name = "Supporting Files";
			sourceTree = "<group>";
		};
		2DEF0E271A92B1A40083D725 /* Config */ = {
			isa = PBXGroup;
			children = (
				2DEF0E2C1A92B5F80083D725 /* ApiConfig.xcconfig */,
			);
			name = Config;
			sourceTree = "<group>";
		};
		2DEF0E321A95720E0083D725 /* Models */ = {
			isa = PBXGroup;
			children = (
				2DEF0E301A9572080083D725 /* Tweet.swift */,
				2DEF0E331A95728D0083D725 /* Account.swift */,
				2DEF0E351A9572980083D725 /* AccountManager.swift */,
			);
			name = Models;
			sourceTree = "<group>";
		};
		2DEF0E371A9572EC0083D725 /* API */ = {
			isa = PBXGroup;
			children = (
				2DEF0E2E1A92B9C60083D725 /* TwitterClient.swift */,
			);
			name = API;
			sourceTree = "<group>";
		};
		2DEF0E381A9572FE0083D725 /* Controllers */ = {
			isa = PBXGroup;
			children = (
				2D98E60C1A989200009CA46B /* TimelineViewController.swift */,
				2DEF0E091A92B1960083D725 /* LoginController.swift */,
				2D64AB211A99137500A7D2FC /* ComposeController.swift */,
			);
			name = Controllers;
			sourceTree = "<group>";
		};
		2DEF0E391A9573490083D725 /* Storyboards */ = {
			isa = PBXGroup;
			children = (
				2DEF0E0B1A92B1960083D725 /* Main.storyboard */,
				2D4801191A9586DD00714A0C /* Timeline.storyboard */,
				2D64AB1F1A99133900A7D2FC /* Compose.storyboard */,
			);
			name = Storyboards;
			sourceTree = "<group>";
		};
		2DEF0E3A1A95736B0083D725 /* Views */ = {
			isa = PBXGroup;
			children = (
				2D98E60E1A989D70009CA46B /* TweetCell.swift */,
			);
			name = Views;
			sourceTree = "<group>";
		};
		91BC1175FD8B87FEE7400B19 /* Pods */ = {
			isa = PBXGroup;
			children = (
				75DD2F589F1DD0BC4162F4D0 /* Pods.debug.xcconfig */,
				85B1430541CE2DAD7C1CFC8F /* Pods.release.xcconfig */,
			);
			name = Pods;
			sourceTree = "<group>";
		};
/* End PBXGroup section */

/* Begin PBXNativeTarget section */
		2DEF0E011A92B1960083D725 /* TwitterProject */ = {
			isa = PBXNativeTarget;
			buildConfigurationList = 2DEF0E211A92B1960083D725 /* Build configuration list for PBXNativeTarget "TwitterProject" */;
			buildPhases = (
				0ABFAACBD21483E71189E0EE /* Check Pods Manifest.lock */,
				2DEF0DFE1A92B1960083D725 /* Sources */,
				2DEF0DFF1A92B1960083D725 /* Frameworks */,
				2DEF0E001A92B1960083D725 /* Resources */,
				4D3B973C5907F0E6DD2C07AC /* Copy Pods Resources */,
			);
			buildRules = (
			);
			dependencies = (
			);
			name = TwitterProject;
			productName = TwitterProject;
			productReference = 2DEF0E021A92B1960083D725 /* TwitterProject.app */;
			productType = "com.apple.product-type.application";
		};
		2DEF0E161A92B1960083D725 /* TwitterProjectTests */ = {
			isa = PBXNativeTarget;
			buildConfigurationList = 2DEF0E241A92B1960083D725 /* Build configuration list for PBXNativeTarget "TwitterProjectTests" */;
			buildPhases = (
				2DEF0E131A92B1960083D725 /* Sources */,
				2DEF0E141A92B1960083D725 /* Frameworks */,
				2DEF0E151A92B1960083D725 /* Resources */,
			);
			buildRules = (
			);
			dependencies = (
				2DEF0E191A92B1960083D725 /* PBXTargetDependency */,
			);
			name = TwitterProjectTests;
			productName = TwitterProjectTests;
			productReference = 2DEF0E171A92B1960083D725 /* TwitterProjectTests.xctest */;
			productType = "com.apple.product-type.bundle.unit-test";
		};
/* End PBXNativeTarget section */

/* Begin PBXProject section */
		2DEF0DFA1A92B1960083D725 /* Project object */ = {
			isa = PBXProject;
			attributes = {
				LastUpgradeCheck = 0630;
				ORGANIZATIONNAME = codepath;
				TargetAttributes = {
					2DEF0E011A92B1960083D725 = {
						CreatedOnToolsVersion = 6.3;
					};
					2DEF0E161A92B1960083D725 = {
						CreatedOnToolsVersion = 6.3;
						TestTargetID = 2DEF0E011A92B1960083D725;
					};
				};
			};
			buildConfigurationList = 2DEF0DFD1A92B1960083D725 /* Build configuration list for PBXProject "TwitterProject" */;
			compatibilityVersion = "Xcode 3.2";
			developmentRegion = English;
			hasScannedForEncodings = 0;
			knownRegions = (
				en,
				Base,
			);
			mainGroup = 2DEF0DF91A92B1960083D725;
			productRefGroup = 2DEF0E031A92B1960083D725 /* Products */;
			projectDirPath = "";
			projectRoot = "";
			targets = (
				2DEF0E011A92B1960083D725 /* TwitterProject */,
				2DEF0E161A92B1960083D725 /* TwitterProjectTests */,
			);
		};
/* End PBXProject section */

/* Begin PBXResourcesBuildPhase section */
		2DEF0E001A92B1960083D725 /* Resources */ = {
			isa = PBXResourcesBuildPhase;
			buildActionMask = 2147483647;
			files = (
				2DEF0E0D1A92B1960083D725 /* Main.storyboard in Resources */,
				2D64AB201A99133900A7D2FC /* Compose.storyboard in Resources */,
				2DEF0E2D1A92B5F80083D725 /* ApiConfig.xcconfig in Resources */,
				2D48011A1A9586DD00714A0C /* Timeline.storyboard in Resources */,
				2DEF0E121A92B1960083D725 /* LaunchScreen.xib in Resources */,
				2DEF0E0F1A92B1960083D725 /* Images.xcassets in Resources */,
			);
			runOnlyForDeploymentPostprocessing = 0;
		};
		2DEF0E151A92B1960083D725 /* Resources */ = {
			isa = PBXResourcesBuildPhase;
			buildActionMask = 2147483647;
			files = (
			);
			runOnlyForDeploymentPostprocessing = 0;
		};
/* End PBXResourcesBuildPhase section */

/* Begin PBXShellScriptBuildPhase section */
		0ABFAACBD21483E71189E0EE /* Check Pods Manifest.lock */ = {
			isa = PBXShellScriptBuildPhase;
			buildActionMask = 2147483647;
			files = (
			);
			inputPaths = (
			);
			name = "Check Pods Manifest.lock";
			outputPaths = (
			);
			runOnlyForDeploymentPostprocessing = 0;
			shellPath = /bin/sh;
			shellScript = "diff \"${PODS_ROOT}/../Podfile.lock\" \"${PODS_ROOT}/Manifest.lock\" > /dev/null\nif [[ $? != 0 ]] ; then\n    cat << EOM\nerror: The sandbox is not in sync with the Podfile.lock. Run 'pod install' or update your CocoaPods installation.\nEOM\n    exit 1\nfi\n";
			showEnvVarsInLog = 0;
		};
		4D3B973C5907F0E6DD2C07AC /* Copy Pods Resources */ = {
			isa = PBXShellScriptBuildPhase;
			buildActionMask = 2147483647;
			files = (
			);
			inputPaths = (
			);
			name = "Copy Pods Resources";
			outputPaths = (
			);
			runOnlyForDeploymentPostprocessing = 0;
			shellPath = /bin/sh;
			shellScript = "\"${SRCROOT}/Pods/Target Support Files/Pods/Pods-resources.sh\"\n";
			showEnvVarsInLog = 0;
		};
/* End PBXShellScriptBuildPhase section */

/* Begin PBXSourcesBuildPhase section */
		2DEF0DFE1A92B1960083D725 /* Sources */ = {
			isa = PBXSourcesBuildPhase;
			buildActionMask = 2147483647;
			files = (
				2DEF0E341A95728D0083D725 /* Account.swift in Sources */,
				2D64AB221A99137500A7D2FC /* ComposeController.swift in Sources */,
				2D98E60B1A98714A009CA46B /* Extensions.swift in Sources */,
				2DEF0E0A1A92B1960083D725 /* LoginController.swift in Sources */,
				2DEF0E2F1A92B9C60083D725 /* TwitterClient.swift in Sources */,
				2DEF0E081A92B1960083D725 /* AppDelegate.swift in Sources */,
				2D98E60D1A989200009CA46B /* TimelineViewController.swift in Sources */,
				2D98E6091A98671D009CA46B /* JSONHelper.swift in Sources */,
				2D98E60F1A989D70009CA46B /* TweetCell.swift in Sources */,
				2DEF0E311A9572080083D725 /* Tweet.swift in Sources */,
				2DEF0E361A9572980083D725 /* AccountManager.swift in Sources */,
			);
			runOnlyForDeploymentPostprocessing = 0;
		};
		2DEF0E131A92B1960083D725 /* Sources */ = {
			isa = PBXSourcesBuildPhase;
			buildActionMask = 2147483647;
			files = (
				2DEF0E1E1A92B1960083D725 /* TwitterProjectTests.swift in Sources */,
			);
			runOnlyForDeploymentPostprocessing = 0;
		};
/* End PBXSourcesBuildPhase section */

/* Begin PBXTargetDependency section */
		2DEF0E191A92B1960083D725 /* PBXTargetDependency */ = {
			isa = PBXTargetDependency;
			target = 2DEF0E011A92B1960083D725 /* TwitterProject */;
			targetProxy = 2DEF0E181A92B1960083D725 /* PBXContainerItemProxy */;
		};
/* End PBXTargetDependency section */

/* Begin PBXVariantGroup section */
		2DEF0E0B1A92B1960083D725 /* Main.storyboard */ = {
			isa = PBXVariantGroup;
			children = (
				2DEF0E0C1A92B1960083D725 /* Base */,
			);
			name = Main.storyboard;
			sourceTree = "<group>";
		};
		2DEF0E101A92B1960083D725 /* LaunchScreen.xib */ = {
			isa = PBXVariantGroup;
			children = (
				2DEF0E111A92B1960083D725 /* Base */,
			);
			name = LaunchScreen.xib;
			sourceTree = "<group>";
		};
/* End PBXVariantGroup section */

/* Begin XCBuildConfiguration section */
		2DEF0E1F1A92B1960083D725 /* Debug */ = {
			isa = XCBuildConfiguration;
			baseConfigurationReference = 2DEF0E2C1A92B5F80083D725 /* ApiConfig.xcconfig */;
			buildSettings = {
				ALWAYS_SEARCH_USER_PATHS = NO;
				CLANG_CXX_LANGUAGE_STANDARD = "gnu++0x";
				CLANG_CXX_LIBRARY = "libc++";
				CLANG_ENABLE_MODULES = YES;
				CLANG_ENABLE_OBJC_ARC = YES;
				CLANG_WARN_BOOL_CONVERSION = YES;
				CLANG_WARN_CONSTANT_CONVERSION = YES;
				CLANG_WARN_DIRECT_OBJC_ISA_USAGE = YES_ERROR;
				CLANG_WARN_EMPTY_BODY = YES;
				CLANG_WARN_ENUM_CONVERSION = YES;
				CLANG_WARN_INT_CONVERSION = YES;
				CLANG_WARN_OBJC_ROOT_CLASS = YES_ERROR;
				CLANG_WARN_UNREACHABLE_CODE = YES;
				CLANG_WARN__DUPLICATE_METHOD_MATCH = YES;
				"CODE_SIGN_IDENTITY[sdk=iphoneos*]" = "iPhone Developer";
				COPY_PHASE_STRIP = NO;
				DEBUG_INFORMATION_FORMAT = dwarf;
				ENABLE_STRICT_OBJC_MSGSEND = YES;
				GCC_C_LANGUAGE_STANDARD = gnu99;
				GCC_DYNAMIC_NO_PIC = NO;
				GCC_OPTIMIZATION_LEVEL = 0;
				GCC_PREPROCESSOR_DEFINITIONS = (
					"DEBUG=1",
					"$(inherited)",
				);
				GCC_SYMBOLS_PRIVATE_EXTERN = NO;
				GCC_WARN_64_TO_32_BIT_CONVERSION = YES;
				GCC_WARN_ABOUT_RETURN_TYPE = YES_ERROR;
				GCC_WARN_UNDECLARED_SELECTOR = YES;
				GCC_WARN_UNINITIALIZED_AUTOS = YES_AGGRESSIVE;
				GCC_WARN_UNUSED_FUNCTION = YES;
				GCC_WARN_UNUSED_VARIABLE = YES;
				IPHONEOS_DEPLOYMENT_TARGET = 8.3;
				MTL_ENABLE_DEBUG_INFO = YES;
				ONLY_ACTIVE_ARCH = YES;
				SDKROOT = iphoneos;
				SWIFT_OPTIMIZATION_LEVEL = "-Onone";
			};
			name = Debug;
		};
		2DEF0E201A92B1960083D725 /* Release */ = {
			isa = XCBuildConfiguration;
			baseConfigurationReference = 2DEF0E2C1A92B5F80083D725 /* ApiConfig.xcconfig */;
			buildSettings = {
				ALWAYS_SEARCH_USER_PATHS = NO;
				CLANG_CXX_LANGUAGE_STANDARD = "gnu++0x";
				CLANG_CXX_LIBRARY = "libc++";
				CLANG_ENABLE_MODULES = YES;
				CLANG_ENABLE_OBJC_ARC = YES;
				CLANG_WARN_BOOL_CONVERSION = YES;
				CLANG_WARN_CONSTANT_CONVERSION = YES;
				CLANG_WARN_DIRECT_OBJC_ISA_USAGE = YES_ERROR;
				CLANG_WARN_EMPTY_BODY = YES;
				CLANG_WARN_ENUM_CONVERSION = YES;
				CLANG_WARN_INT_CONVERSION = YES;
				CLANG_WARN_OBJC_ROOT_CLASS = YES_ERROR;
				CLANG_WARN_UNREACHABLE_CODE = YES;
				CLANG_WARN__DUPLICATE_METHOD_MATCH = YES;
				"CODE_SIGN_IDENTITY[sdk=iphoneos*]" = "iPhone Developer";
				COPY_PHASE_STRIP = NO;
				DEBUG_INFORMATION_FORMAT = "dwarf-with-dsym";
				ENABLE_NS_ASSERTIONS = NO;
				ENABLE_STRICT_OBJC_MSGSEND = YES;
				GCC_C_LANGUAGE_STANDARD = gnu99;
				GCC_WARN_64_TO_32_BIT_CONVERSION = YES;
				GCC_WARN_ABOUT_RETURN_TYPE = YES_ERROR;
				GCC_WARN_UNDECLARED_SELECTOR = YES;
				GCC_WARN_UNINITIALIZED_AUTOS = YES_AGGRESSIVE;
				GCC_WARN_UNUSED_FUNCTION = YES;
				GCC_WARN_UNUSED_VARIABLE = YES;
				IPHONEOS_DEPLOYMENT_TARGET = 8.3;
				MTL_ENABLE_DEBUG_INFO = NO;
				SDKROOT = iphoneos;
				VALIDATE_PRODUCT = YES;
			};
			name = Release;
		};
		2DEF0E221A92B1960083D725 /* Debug */ = {
			isa = XCBuildConfiguration;
			baseConfigurationReference = 75DD2F589F1DD0BC4162F4D0 /* Pods.debug.xcconfig */;
			buildSettings = {
				ASSETCATALOG_COMPILER_APPICON_NAME = AppIcon;
				CLANG_ENABLE_MODULES = YES;
				INFOPLIST_FILE = TwitterProject/Info.plist;
				LD_RUNPATH_SEARCH_PATHS = "$(inherited) @executable_path/Frameworks";
				PRODUCT_NAME = "$(TARGET_NAME)";
				SWIFT_OBJC_BRIDGING_HEADER = "TwitterProject/TwitterProject-Bridging-Header.h";
				SWIFT_OPTIMIZATION_LEVEL = "-Onone";
			};
			name = Debug;
		};
		2DEF0E231A92B1960083D725 /* Release */ = {
			isa = XCBuildConfiguration;
			baseConfigurationReference = 85B1430541CE2DAD7C1CFC8F /* Pods.release.xcconfig */;
			buildSettings = {
				ASSETCATALOG_COMPILER_APPICON_NAME = AppIcon;
				CLANG_ENABLE_MODULES = YES;
				INFOPLIST_FILE = TwitterProject/Info.plist;
				LD_RUNPATH_SEARCH_PATHS = "$(inherited) @executable_path/Frameworks";
				PRODUCT_NAME = "$(TARGET_NAME)";
				SWIFT_OBJC_BRIDGING_HEADER = "TwitterProject/TwitterProject-Bridging-Header.h";
			};
			name = Release;
		};
		2DEF0E251A92B1960083D725 /* Debug */ = {
			isa = XCBuildConfiguration;
			buildSettings = {
				BUNDLE_LOADER = "$(TEST_HOST)";
				FRAMEWORK_SEARCH_PATHS = (
					"$(SDKROOT)/Developer/Library/Frameworks",
					"$(inherited)",
				);
				GCC_PREPROCESSOR_DEFINITIONS = (
					"DEBUG=1",
					"$(inherited)",
				);
				INFOPLIST_FILE = TwitterProjectTests/Info.plist;
				LD_RUNPATH_SEARCH_PATHS = "$(inherited) @executable_path/Frameworks @loader_path/Frameworks";
				PRODUCT_NAME = "$(TARGET_NAME)";
				TEST_HOST = "$(BUILT_PRODUCTS_DIR)/TwitterProject.app/TwitterProject";
			};
			name = Debug;
		};
		2DEF0E261A92B1960083D725 /* Release */ = {
			isa = XCBuildConfiguration;
			buildSettings = {
				BUNDLE_LOADER = "$(TEST_HOST)";
				FRAMEWORK_SEARCH_PATHS = (
					"$(SDKROOT)/Developer/Library/Frameworks",
					"$(inherited)",
				);
				INFOPLIST_FILE = TwitterProjectTests/Info.plist;
				LD_RUNPATH_SEARCH_PATHS = "$(inherited) @executable_path/Frameworks @loader_path/Frameworks";
				PRODUCT_NAME = "$(TARGET_NAME)";
				TEST_HOST = "$(BUILT_PRODUCTS_DIR)/TwitterProject.app/TwitterProject";
			};
			name = Release;
		};
/* End XCBuildConfiguration section */

/* Begin XCConfigurationList section */
		2DEF0DFD1A92B1960083D725 /* Build configuration list for PBXProject "TwitterProject" */ = {
			isa = XCConfigurationList;
			buildConfigurations = (
				2DEF0E1F1A92B1960083D725 /* Debug */,
				2DEF0E201A92B1960083D725 /* Release */,
			);
			defaultConfigurationIsVisible = 0;
			defaultConfigurationName = Release;
		};
		2DEF0E211A92B1960083D725 /* Build configuration list for PBXNativeTarget "TwitterProject" */ = {
			isa = XCConfigurationList;
			buildConfigurations = (
				2DEF0E221A92B1960083D725 /* Debug */,
				2DEF0E231A92B1960083D725 /* Release */,
			);
			defaultConfigurationIsVisible = 0;
			defaultConfigurationName = Release;
		};
		2DEF0E241A92B1960083D725 /* Build configuration list for PBXNativeTarget "TwitterProjectTests" */ = {
			isa = XCConfigurationList;
			buildConfigurations = (
				2DEF0E251A92B1960083D725 /* Debug */,
				2DEF0E261A92B1960083D725 /* Release */,
			);
			defaultConfigurationIsVisible = 0;
			defaultConfigurationName = Release;
		};
/* End XCConfigurationList section */
	};
	rootObject = 2DEF0DFA1A92B1960083D725 /* Project object */;
}
